
Microsoft Visual Studio Solution File, Format Version 12.00
# Visual Studio Version 16
VisualStudioVersion = 16.0.30104.148
MinimumVisualStudioVersion = 10.0.40219.1
Project("{FAE04EC0-301F-11D3-BF4B-00C04F79EFBC}") = "RealisticDataGeneration", "RealisticDataGeneration\RealisticDataGeneration.csproj", "{A51BE269-2B59-4E93-8F17-50B8997B459F}"
EndProject
Global
	GlobalSection(SolutionConfigurationPlatforms) = preSolution
		Debug|Any CPU = Debug|Any CPU
		Release|Any CPU = Release|Any CPU
	EndGlobalSection
	GlobalSection(ProjectConfigurationPlatforms) = postSolution
		{A51BE269-2B59-4E93-8F17-50B8997B459F}.Debug|Any CPU.ActiveCfg = Debug|Any CPU
		{A51BE269-2B59-4E93-8F17-50B8997B459F}.Debug|Any CPU.Build.0 = Debug|Any CPU
		{A51BE269-2B59-4E93-8F17-50B8997B459F}.Release|Any CPU.ActiveCfg = Release|Any CPU
		{A51BE269-2B59-4E93-8F17-50B8997B459F}.Release|Any CPU.Build.0 = Release|Any CPU
	EndGlobalSection
	GlobalSection(SolutionProperties) = preSolution
		HideSolutionNode = FALSE
	EndGlobalSection
	GlobalSection(ExtensibilityGlobals) = postSolution
		SolutionGuid = {8E1A3D15-687C-4845-ACFB-7CEF9D704D17}
	EndGlobalSection
EndGlobal
